
Microsoft Visual Studio Solution File, Format Version 12.00
# Visual Studio Version 17
VisualStudioVersion = 17.5.33530.505
MinimumVisualStudioVersion = 10.0.40219.1
Project("{FAE04EC0-301F-11D3-BF4B-00C04F79EFBC}") = "Dictionary", "Dictionary\Dictionary.csproj", "{45BBC7C4-547A-46B4-BE21-25750C2C7893}"
EndProject
Global
	GlobalSection(SolutionConfigurationPlatforms) = preSolution
		Debug|Any CPU = Debug|Any CPU
		Release|Any CPU = Release|Any CPU
	EndGlobalSection
	GlobalSection(ProjectConfigurationPlatforms) = postSolution
		{45BBC7C4-547A-46B4-BE21-25750C2C7893}.Debug|Any CPU.ActiveCfg = Debug|Any CPU
		{45BBC7C4-547A-46B4-BE21-25750C2C7893}.Debug|Any CPU.Build.0 = Debug|Any CPU
		{45BBC7C4-547A-46B4-BE21-25750C2C7893}.Release|Any CPU.ActiveCfg = Release|Any CPU
		{45BBC7C4-547A-46B4-BE21-25750C2C7893}.Release|Any CPU.Build.0 = Release|Any CPU
	EndGlobalSection
	GlobalSection(SolutionProperties) = preSolution
		HideSolutionNode = FALSE
	EndGlobalSection
	GlobalSection(ExtensibilityGlobals) = postSolution
		SolutionGuid = {28EB77EE-D71A-493C-95B8-6901CC7B4226}
	EndGlobalSection
EndGlobal
